
Microsoft Visual Studio Solution File, Format Version 10.00
# Visual Studio 2008
Project("{FAE04EC0-301F-11D3-BF4B-00C04F79EFBC}") = "Zawgyi to Unicode Converter", "Zawgyi to Unicode Converter\Zawgyi to Unicode Converter.csproj", "{51BB928D-5BD3-45DF-973B-5FF0059CA385}"
EndProject
Global
	GlobalSection(SolutionConfigurationPlatforms) = preSolution
		Debug|Any CPU = Debug|Any CPU
		Release|Any CPU = Release|Any CPU
	EndGlobalSection
	GlobalSection(ProjectConfigurationPlatforms) = postSolution
		{51BB928D-5BD3-45DF-973B-5FF0059CA385}.Debug|Any CPU.ActiveCfg = Debug|Any CPU
		{51BB928D-5BD3-45DF-973B-5FF0059CA385}.Debug|Any CPU.Build.0 = Debug|Any CPU
		{51BB928D-5BD3-45DF-973B-5FF0059CA385}.Release|Any CPU.ActiveCfg = Release|Any CPU
		{51BB928D-5BD3-45DF-973B-5FF0059CA385}.Release|Any CPU.Build.0 = Release|Any CPU
	EndGlobalSection
	GlobalSection(SolutionProperties) = preSolution
		HideSolutionNode = FALSE
	EndGlobalSection
EndGlobal
